// !$*UTF8*$!
{
	archiveVersion = 1;
	classes = {
	};
	objectVersion = 56;
	objects = {

/* Begin PBXBuildFile section */
		8D68340F2B39891000F85C45 /* MainViewController.swift in Sources */ = {isa = PBXBuildFile; fileRef = 8D68340E2B39891000F85C45 /* MainViewController.swift */; };
		8D8F44152B398C8600CD4DFE /* SnapKit in Frameworks */ = {isa = PBXBuildFile; productRef = 8D8F44142B398C8600CD4DFE /* SnapKit */; };
		8D9346A42B385A0000B776AD /* AppDelegate.swift in Sources */ = {isa = PBXBuildFile; fileRef = 8D9346A32B385A0000B776AD /* AppDelegate.swift */; };
		8D9346A62B385A0000B776AD /* SceneDelegate.swift in Sources */ = {isa = PBXBuildFile; fileRef = 8D9346A52B385A0000B776AD /* SceneDelegate.swift */; };
		8D9346A82B385A0000B776AD /* ViewController.swift in Sources */ = {isa = PBXBuildFile; fileRef = 8D9346A72B385A0000B776AD /* ViewController.swift */; };
		8D9346AD2B385A0200B776AD /* Assets.xcassets in Resources */ = {isa = PBXBuildFile; fileRef = 8D9346AC2B385A0200B776AD /* Assets.xcassets */; };
		8D9346B02B385A0200B776AD /* LaunchScreen.storyboard in Resources */ = {isa = PBXBuildFile; fileRef = 8D9346AE2B385A0200B776AD /* LaunchScreen.storyboard */; };
		8D9346BB2B385A0300B776AD /* testFlightTests.swift in Sources */ = {isa = PBXBuildFile; fileRef = 8D9346BA2B385A0300B776AD /* testFlightTests.swift */; };
		8D9346C52B385A0300B776AD /* testFlightUITests.swift in Sources */ = {isa = PBXBuildFile; fileRef = 8D9346C42B385A0300B776AD /* testFlightUITests.swift */; };
		8D9346C72B385A0300B776AD /* testFlightUITestsLaunchTests.swift in Sources */ = {isa = PBXBuildFile; fileRef = 8D9346C62B385A0300B776AD /* testFlightUITestsLaunchTests.swift */; };
		8D9346D42B3868C100B776AD /* LoadingView.swift in Sources */ = {isa = PBXBuildFile; fileRef = 8D9346D32B3868C100B776AD /* LoadingView.swift */; };
		8D9346D62B3868F400B776AD /* BaseView.swift in Sources */ = {isa = PBXBuildFile; fileRef = 8D9346D52B3868F400B776AD /* BaseView.swift */; };
		8D9346D82B38697300B776AD /* Constants.swift in Sources */ = {isa = PBXBuildFile; fileRef = 8D9346D72B38697300B776AD /* Constants.swift */; };
		8D9346DA2B386A1F00B776AD /* NSLayoutConstraint.swift in Sources */ = {isa = PBXBuildFile; fileRef = 8D9346D92B386A1F00B776AD /* NSLayoutConstraint.swift */; };
		8D9346DD2B386A8100B776AD /* UIScreen.swift in Sources */ = {isa = PBXBuildFile; fileRef = 8D9346DC2B386A8100B776AD /* UIScreen.swift */; };
		8D9346DF2B386C3A00B776AD /* CGFloat.swift in Sources */ = {isa = PBXBuildFile; fileRef = 8D9346DE2B386C3A00B776AD /* CGFloat.swift */; };
		8D9346E12B386C7F00B776AD /* Double.swift in Sources */ = {isa = PBXBuildFile; fileRef = 8D9346E02B386C7F00B776AD /* Double.swift */; };
		8D9346E32B38733000B776AD /* UIView.swift in Sources */ = {isa = PBXBuildFile; fileRef = 8D9346E22B38733000B776AD /* UIView.swift */; };
		8D9346E52B3873CB00B776AD /* UIFont.swift in Sources */ = {isa = PBXBuildFile; fileRef = 8D9346E42B3873CB00B776AD /* UIFont.swift */; };
		8D9346E72B3876B900B776AD /* UIColor.swift in Sources */ = {isa = PBXBuildFile; fileRef = 8D9346E62B3876B900B776AD /* UIColor.swift */; };
		8D9346EA2B3878F600B776AD /* LoadingView.xib in Resources */ = {isa = PBXBuildFile; fileRef = 8D9346E92B3878F600B776AD /* LoadingView.xib */; };
/* End PBXBuildFile section */

/* Begin PBXContainerItemProxy section */
		8D9346B72B385A0300B776AD /* PBXContainerItemProxy */ = {
			isa = PBXContainerItemProxy;
			containerPortal = 8D9346982B385A0000B776AD /* Project object */;
			proxyType = 1;
			remoteGlobalIDString = 8D93469F2B385A0000B776AD;
			remoteInfo = testFlight;
		};
		8D9346C12B385A0300B776AD /* PBXContainerItemProxy */ = {
			isa = PBXContainerItemProxy;
			containerPortal = 8D9346982B385A0000B776AD /* Project object */;
			proxyType = 1;
			remoteGlobalIDString = 8D93469F2B385A0000B776AD;
			remoteInfo = testFlight;
		};
/* End PBXContainerItemProxy section */

/* Begin PBXFileReference section */
		8D68340E2B39891000F85C45 /* MainViewController.swift */ = {isa = PBXFileReference; lastKnownFileType = sourcecode.swift; path = MainViewController.swift; sourceTree = "<group>"; };
		8D9346A02B385A0000B776AD /* testFlight.app */ = {isa = PBXFileReference; explicitFileType = wrapper.application; includeInIndex = 0; path = testFlight.app; sourceTree = BUILT_PRODUCTS_DIR; };
		8D9346A32B385A0000B776AD /* AppDelegate.swift */ = {isa = PBXFileReference; lastKnownFileType = sourcecode.swift; path = AppDelegate.swift; sourceTree = "<group>"; };
		8D9346A52B385A0000B776AD /* SceneDelegate.swift */ = {isa = PBXFileReference; lastKnownFileType = sourcecode.swift; path = SceneDelegate.swift; sourceTree = "<group>"; };
		8D9346A72B385A0000B776AD /* ViewController.swift */ = {isa = PBXFileReference; lastKnownFileType = sourcecode.swift; path = ViewController.swift; sourceTree = "<group>"; };
		8D9346AC2B385A0200B776AD /* Assets.xcassets */ = {isa = PBXFileReference; lastKnownFileType = folder.assetcatalog; path = Assets.xcassets; sourceTree = "<group>"; };
		8D9346AF2B385A0200B776AD /* Base */ = {isa = PBXFileReference; lastKnownFileType = file.storyboard; name = Base; path = Base.lproj/LaunchScreen.storyboard; sourceTree = "<group>"; };
		8D9346B12B385A0200B776AD /* Info.plist */ = {isa = PBXFileReference; lastKnownFileType = text.plist.xml; path = Info.plist; sourceTree = "<group>"; };
		8D9346B62B385A0300B776AD /* testFlightTests.xctest */ = {isa = PBXFileReference; explicitFileType = wrapper.cfbundle; includeInIndex = 0; path = testFlightTests.xctest; sourceTree = BUILT_PRODUCTS_DIR; };
		8D9346BA2B385A0300B776AD /* testFlightTests.swift */ = {isa = PBXFileReference; lastKnownFileType = sourcecode.swift; path = testFlightTests.swift; sourceTree = "<group>"; };
		8D9346C02B385A0300B776AD /* testFlightUITests.xctest */ = {isa = PBXFileReference; explicitFileType = wrapper.cfbundle; includeInIndex = 0; path = testFlightUITests.xctest; sourceTree = BUILT_PRODUCTS_DIR; };
		8D9346C42B385A0300B776AD /* testFlightUITests.swift */ = {isa = PBXFileReference; lastKnownFileType = sourcecode.swift; path = testFlightUITests.swift; sourceTree = "<group>"; };
		8D9346C62B385A0300B776AD /* testFlightUITestsLaunchTests.swift */ = {isa = PBXFileReference; lastKnownFileType = sourcecode.swift; path = testFlightUITestsLaunchTests.swift; sourceTree = "<group>"; };
		8D9346D32B3868C100B776AD /* LoadingView.swift */ = {isa = PBXFileReference; lastKnownFileType = sourcecode.swift; path = LoadingView.swift; sourceTree = "<group>"; };
		8D9346D52B3868F400B776AD /* BaseView.swift */ = {isa = PBXFileReference; lastKnownFileType = sourcecode.swift; path = BaseView.swift; sourceTree = "<group>"; };
		8D9346D72B38697300B776AD /* Constants.swift */ = {isa = PBXFileReference; lastKnownFileType = sourcecode.swift; path = Constants.swift; sourceTree = "<group>"; };
		8D9346D92B386A1F00B776AD /* NSLayoutConstraint.swift */ = {isa = PBXFileReference; lastKnownFileType = sourcecode.swift; path = NSLayoutConstraint.swift; sourceTree = "<group>"; };
		8D9346DC2B386A8100B776AD /* UIScreen.swift */ = {isa = PBXFileReference; lastKnownFileType = sourcecode.swift; path = UIScreen.swift; sourceTree = "<group>"; };
		8D9346DE2B386C3A00B776AD /* CGFloat.swift */ = {isa = PBXFileReference; lastKnownFileType = sourcecode.swift; path = CGFloat.swift; sourceTree = "<group>"; };
		8D9346E02B386C7F00B776AD /* Double.swift */ = {isa = PBXFileReference; lastKnownFileType = sourcecode.swift; path = Double.swift; sourceTree = "<group>"; };
		8D9346E22B38733000B776AD /* UIView.swift */ = {isa = PBXFileReference; lastKnownFileType = sourcecode.swift; path = UIView.swift; sourceTree = "<group>"; };
		8D9346E42B3873CB00B776AD /* UIFont.swift */ = {isa = PBXFileReference; lastKnownFileType = sourcecode.swift; path = UIFont.swift; sourceTree = "<group>"; };
		8D9346E62B3876B900B776AD /* UIColor.swift */ = {isa = PBXFileReference; lastKnownFileType = sourcecode.swift; path = UIColor.swift; sourceTree = "<group>"; };
		8D9346E92B3878F600B776AD /* LoadingView.xib */ = {isa = PBXFileReference; lastKnownFileType = file.xib; path = LoadingView.xib; sourceTree = "<group>"; };
/* End PBXFileReference section */

/* Begin PBXFrameworksBuildPhase section */
		8D93469D2B385A0000B776AD /* Frameworks */ = {
			isa = PBXFrameworksBuildPhase;
			buildActionMask = 2147483647;
			files = (
				8D8F44152B398C8600CD4DFE /* SnapKit in Frameworks */,
			);
			runOnlyForDeploymentPostprocessing = 0;
		};
		8D9346B32B385A0300B776AD /* Frameworks */ = {
			isa = PBXFrameworksBuildPhase;
			buildActionMask = 2147483647;
			files = (
			);
			runOnlyForDeploymentPostprocessing = 0;
		};
		8D9346BD2B385A0300B776AD /* Frameworks */ = {
			isa = PBXFrameworksBuildPhase;
			buildActionMask = 2147483647;
			files = (
			);
			runOnlyForDeploymentPostprocessing = 0;
		};
/* End PBXFrameworksBuildPhase section */

/* Begin PBXGroup section */
		8D9346972B385A0000B776AD = {
			isa = PBXGroup;
			children = (
				8D9346A22B385A0000B776AD /* testFlight */,
				8D9346B92B385A0300B776AD /* testFlightTests */,
				8D9346C32B385A0300B776AD /* testFlightUITests */,
				8D9346A12B385A0000B776AD /* Products */,
			);
			sourceTree = "<group>";
		};
		8D9346A12B385A0000B776AD /* Products */ = {
			isa = PBXGroup;
			children = (
				8D9346A02B385A0000B776AD /* testFlight.app */,
				8D9346B62B385A0300B776AD /* testFlightTests.xctest */,
				8D9346C02B385A0300B776AD /* testFlightUITests.xctest */,
			);
			name = Products;
			sourceTree = "<group>";
		};
		8D9346A22B385A0000B776AD /* testFlight */ = {
			isa = PBXGroup;
			children = (
				8D9346A32B385A0000B776AD /* AppDelegate.swift */,
				8D9346A52B385A0000B776AD /* SceneDelegate.swift */,
				8D9346A72B385A0000B776AD /* ViewController.swift */,
				8D9346AC2B385A0200B776AD /* Assets.xcassets */,
				8D9346AE2B385A0200B776AD /* LaunchScreen.storyboard */,
				8D9346B12B385A0200B776AD /* Info.plist */,
				8D9346E82B3878CA00B776AD /* LoadingView */,
				8D9346D52B3868F400B776AD /* BaseView.swift */,
				8D9346D72B38697300B776AD /* Constants.swift */,
				8D9346DB2B386A6900B776AD /* Extension */,
				8D68340E2B39891000F85C45 /* MainViewController.swift */,
			);
			path = testFlight;
			sourceTree = "<group>";
		};
		8D9346B92B385A0300B776AD /* testFlightTests */ = {
			isa = PBXGroup;
			children = (
				8D9346BA2B385A0300B776AD /* testFlightTests.swift */,
			);
			path = testFlightTests;
			sourceTree = "<group>";
		};
		8D9346C32B385A0300B776AD /* testFlightUITests */ = {
			isa = PBXGroup;
			children = (
				8D9346C42B385A0300B776AD /* testFlightUITests.swift */,
				8D9346C62B385A0300B776AD /* testFlightUITestsLaunchTests.swift */,
			);
			path = testFlightUITests;
			sourceTree = "<group>";
		};
		8D9346DB2B386A6900B776AD /* Extension */ = {
			isa = PBXGroup;
			children = (
				8D9346D92B386A1F00B776AD /* NSLayoutConstraint.swift */,
				8D9346DC2B386A8100B776AD /* UIScreen.swift */,
				8D9346DE2B386C3A00B776AD /* CGFloat.swift */,
				8D9346E02B386C7F00B776AD /* Double.swift */,
				8D9346E22B38733000B776AD /* UIView.swift */,
				8D9346E42B3873CB00B776AD /* UIFont.swift */,
				8D9346E62B3876B900B776AD /* UIColor.swift */,
			);
			path = Extension;
			sourceTree = "<group>";
		};
		8D9346E82B3878CA00B776AD /* LoadingView */ = {
			isa = PBXGroup;
			children = (
				8D9346D32B3868C100B776AD /* LoadingView.swift */,
				8D9346E92B3878F600B776AD /* LoadingView.xib */,
			);
			path = LoadingView;
			sourceTree = "<group>";
		};
/* End PBXGroup section */

/* Begin PBXNativeTarget section */
		8D93469F2B385A0000B776AD /* testFlight */ = {
			isa = PBXNativeTarget;
			buildConfigurationList = 8D9346CA2B385A0300B776AD /* Build configuration list for PBXNativeTarget "testFlight" */;
			buildPhases = (
				8D93469C2B385A0000B776AD /* Sources */,
				8D93469D2B385A0000B776AD /* Frameworks */,
				8D93469E2B385A0000B776AD /* Resources */,
			);
			buildRules = (
			);
			dependencies = (
			);
			name = testFlight;
			packageProductDependencies = (
				8D8F44142B398C8600CD4DFE /* SnapKit */,
			);
			productName = testFlight;
			productReference = 8D9346A02B385A0000B776AD /* testFlight.app */;
			productType = "com.apple.product-type.application";
		};
		8D9346B52B385A0300B776AD /* testFlightTests */ = {
			isa = PBXNativeTarget;
			buildConfigurationList = 8D9346CD2B385A0300B776AD /* Build configuration list for PBXNativeTarget "testFlightTests" */;
			buildPhases = (
				8D9346B22B385A0300B776AD /* Sources */,
				8D9346B32B385A0300B776AD /* Frameworks */,
				8D9346B42B385A0300B776AD /* Resources */,
			);
			buildRules = (
			);
			dependencies = (
				8D9346B82B385A0300B776AD /* PBXTargetDependency */,
			);
			name = testFlightTests;
			productName = testFlightTests;
			productReference = 8D9346B62B385A0300B776AD /* testFlightTests.xctest */;
			productType = "com.apple.product-type.bundle.unit-test";
		};
		8D9346BF2B385A0300B776AD /* testFlightUITests */ = {
			isa = PBXNativeTarget;
			buildConfigurationList = 8D9346D02B385A0300B776AD /* Build configuration list for PBXNativeTarget "testFlightUITests" */;
			buildPhases = (
				8D9346BC2B385A0300B776AD /* Sources */,
				8D9346BD2B385A0300B776AD /* Frameworks */,
				8D9346BE2B385A0300B776AD /* Resources */,
			);
			buildRules = (
			);
			dependencies = (
				8D9346C22B385A0300B776AD /* PBXTargetDependency */,
			);
			name = testFlightUITests;
			productName = testFlightUITests;
			productReference = 8D9346C02B385A0300B776AD /* testFlightUITests.xctest */;
			productType = "com.apple.product-type.bundle.ui-testing";
		};
/* End PBXNativeTarget section */

/* Begin PBXProject section */
		8D9346982B385A0000B776AD /* Project object */ = {
			isa = PBXProject;
			attributes = {
				BuildIndependentTargetsInParallel = 1;
				LastSwiftUpdateCheck = 1510;
				LastUpgradeCheck = 1510;
				TargetAttributes = {
					8D93469F2B385A0000B776AD = {
						CreatedOnToolsVersion = 15.1;
					};
					8D9346B52B385A0300B776AD = {
						CreatedOnToolsVersion = 15.1;
						TestTargetID = 8D93469F2B385A0000B776AD;
					};
					8D9346BF2B385A0300B776AD = {
						CreatedOnToolsVersion = 15.1;
						TestTargetID = 8D93469F2B385A0000B776AD;
					};
				};
			};
			buildConfigurationList = 8D93469B2B385A0000B776AD /* Build configuration list for PBXProject "testFlight" */;
			compatibilityVersion = "Xcode 14.0";
			developmentRegion = en;
			hasScannedForEncodings = 0;
			knownRegions = (
				en,
				Base,
			);
			mainGroup = 8D9346972B385A0000B776AD;
			packageReferences = (
				8D8F44132B398C8600CD4DFE /* XCRemoteSwiftPackageReference "SnapKit" */,
			);
			productRefGroup = 8D9346A12B385A0000B776AD /* Products */;
			projectDirPath = "";
			projectRoot = "";
			targets = (
				8D93469F2B385A0000B776AD /* testFlight */,
				8D9346B52B385A0300B776AD /* testFlightTests */,
				8D9346BF2B385A0300B776AD /* testFlightUITests */,
			);
		};
/* End PBXProject section */

/* Begin PBXResourcesBuildPhase section */
		8D93469E2B385A0000B776AD /* Resources */ = {
			isa = PBXResourcesBuildPhase;
			buildActionMask = 2147483647;
			files = (
				8D9346EA2B3878F600B776AD /* LoadingView.xib in Resources */,
				8D9346B02B385A0200B776AD /* LaunchScreen.storyboard in Resources */,
				8D9346AD2B385A0200B776AD /* Assets.xcassets in Resources */,
			);
			runOnlyForDeploymentPostprocessing = 0;
		};
		8D9346B42B385A0300B776AD /* Resources */ = {
			isa = PBXResourcesBuildPhase;
			buildActionMask = 2147483647;
			files = (
			);
			runOnlyForDeploymentPostprocessing = 0;
		};
		8D9346BE2B385A0300B776AD /* Resources */ = {
			isa = PBXResourcesBuildPhase;
			buildActionMask = 2147483647;
			files = (
			);
			runOnlyForDeploymentPostprocessing = 0;
		};
/* End PBXResourcesBuildPhase section */

/* Begin PBXSourcesBuildPhase section */
		8D93469C2B385A0000B776AD /* Sources */ = {
			isa = PBXSourcesBuildPhase;
			buildActionMask = 2147483647;
			files = (
				8D9346DF2B386C3A00B776AD /* CGFloat.swift in Sources */,
				8D9346A82B385A0000B776AD /* ViewController.swift in Sources */,
				8D9346E32B38733000B776AD /* UIView.swift in Sources */,
				8D9346D42B3868C100B776AD /* LoadingView.swift in Sources */,
				8D9346D62B3868F400B776AD /* BaseView.swift in Sources */,
				8D9346DA2B386A1F00B776AD /* NSLayoutConstraint.swift in Sources */,
				8D9346A42B385A0000B776AD /* AppDelegate.swift in Sources */,
				8D68340F2B39891000F85C45 /* MainViewController.swift in Sources */,
				8D9346A62B385A0000B776AD /* SceneDelegate.swift in Sources */,
				8D9346E52B3873CB00B776AD /* UIFont.swift in Sources */,
				8D9346E72B3876B900B776AD /* UIColor.swift in Sources */,
				8D9346D82B38697300B776AD /* Constants.swift in Sources */,
				8D9346E12B386C7F00B776AD /* Double.swift in Sources */,
				8D9346DD2B386A8100B776AD /* UIScreen.swift in Sources */,
			);
			runOnlyForDeploymentPostprocessing = 0;
		};
		8D9346B22B385A0300B776AD /* Sources */ = {
			isa = PBXSourcesBuildPhase;
			buildActionMask = 2147483647;
			files = (
				8D9346BB2B385A0300B776AD /* testFlightTests.swift in Sources */,
			);
			runOnlyForDeploymentPostprocessing = 0;
		};
		8D9346BC2B385A0300B776AD /* Sources */ = {
			isa = PBXSourcesBuildPhase;
			buildActionMask = 2147483647;
			files = (
				8D9346C72B385A0300B776AD /* testFlightUITestsLaunchTests.swift in Sources */,
				8D9346C52B385A0300B776AD /* testFlightUITests.swift in Sources */,
			);
			runOnlyForDeploymentPostprocessing = 0;
		};
/* End PBXSourcesBuildPhase section */

/* Begin PBXTargetDependency section */
		8D9346B82B385A0300B776AD /* PBXTargetDependency */ = {
			isa = PBXTargetDependency;
			target = 8D93469F2B385A0000B776AD /* testFlight */;
			targetProxy = 8D9346B72B385A0300B776AD /* PBXContainerItemProxy */;
		};
		8D9346C22B385A0300B776AD /* PBXTargetDependency */ = {
			isa = PBXTargetDependency;
			target = 8D93469F2B385A0000B776AD /* testFlight */;
			targetProxy = 8D9346C12B385A0300B776AD /* PBXContainerItemProxy */;
		};
/* End PBXTargetDependency section */

/* Begin PBXVariantGroup section */
		8D9346AE2B385A0200B776AD /* LaunchScreen.storyboard */ = {
			isa = PBXVariantGroup;
			children = (
				8D9346AF2B385A0200B776AD /* Base */,
			);
			name = LaunchScreen.storyboard;
			sourceTree = "<group>";
		};
/* End PBXVariantGroup section */

/* Begin XCBuildConfiguration section */
		8D9346C82B385A0300B776AD /* Debug */ = {
			isa = XCBuildConfiguration;
			buildSettings = {
				ALWAYS_SEARCH_USER_PATHS = NO;
				ASSETCATALOG_COMPILER_GENERATE_SWIFT_ASSET_SYMBOL_EXTENSIONS = YES;
				CLANG_ANALYZER_NONNULL = YES;
				CLANG_ANALYZER_NUMBER_OBJECT_CONVERSION = YES_AGGRESSIVE;
				CLANG_CXX_LANGUAGE_STANDARD = "gnu++20";
				CLANG_ENABLE_MODULES = YES;
				CLANG_ENABLE_OBJC_ARC = YES;
				CLANG_ENABLE_OBJC_WEAK = YES;
				CLANG_WARN_BLOCK_CAPTURE_AUTORELEASING = YES;
				CLANG_WARN_BOOL_CONVERSION = YES;
				CLANG_WARN_COMMA = YES;
				CLANG_WARN_CONSTANT_CONVERSION = YES;
				CLANG_WARN_DEPRECATED_OBJC_IMPLEMENTATIONS = YES;
				CLANG_WARN_DIRECT_OBJC_ISA_USAGE = YES_ERROR;
				CLANG_WARN_DOCUMENTATION_COMMENTS = YES;
				CLANG_WARN_EMPTY_BODY = YES;
				CLANG_WARN_ENUM_CONVERSION = YES;
				CLANG_WARN_INFINITE_RECURSION = YES;
				CLANG_WARN_INT_CONVERSION = YES;
				CLANG_WARN_NON_LITERAL_NULL_CONVERSION = YES;
				CLANG_WARN_OBJC_IMPLICIT_RETAIN_SELF = YES;
				CLANG_WARN_OBJC_LITERAL_CONVERSION = YES;
				CLANG_WARN_OBJC_ROOT_CLASS = YES_ERROR;
				CLANG_WARN_QUOTED_INCLUDE_IN_FRAMEWORK_HEADER = YES;
				CLANG_WARN_RANGE_LOOP_ANALYSIS = YES;
				CLANG_WARN_STRICT_PROTOTYPES = YES;
				CLANG_WARN_SUSPICIOUS_MOVE = YES;
				CLANG_WARN_UNGUARDED_AVAILABILITY = YES_AGGRESSIVE;
				CLANG_WARN_UNREACHABLE_CODE = YES;
				CLANG_WARN__DUPLICATE_METHOD_MATCH = YES;
				COPY_PHASE_STRIP = NO;
				DEBUG_INFORMATION_FORMAT = dwarf;
				ENABLE_STRICT_OBJC_MSGSEND = YES;
				ENABLE_TESTABILITY = YES;
				ENABLE_USER_SCRIPT_SANDBOXING = YES;
				GCC_C_LANGUAGE_STANDARD = gnu17;
				GCC_DYNAMIC_NO_PIC = NO;
				GCC_NO_COMMON_BLOCKS = YES;
				GCC_OPTIMIZATION_LEVEL = 0;
				GCC_PREPROCESSOR_DEFINITIONS = (
					"DEBUG=1",
					"$(inherited)",
				);
				GCC_WARN_64_TO_32_BIT_CONVERSION = YES;
				GCC_WARN_ABOUT_RETURN_TYPE = YES_ERROR;
				GCC_WARN_UNDECLARED_SELECTOR = YES;
				GCC_WARN_UNINITIALIZED_AUTOS = YES_AGGRESSIVE;
				GCC_WARN_UNUSED_FUNCTION = YES;
				GCC_WARN_UNUSED_VARIABLE = YES;
				IPHONEOS_DEPLOYMENT_TARGET = 17.2;
				LOCALIZATION_PREFERS_STRING_CATALOGS = YES;
				MTL_ENABLE_DEBUG_INFO = INCLUDE_SOURCE;
				MTL_FAST_MATH = YES;
				ONLY_ACTIVE_ARCH = YES;
				SDKROOT = iphoneos;
				SWIFT_ACTIVE_COMPILATION_CONDITIONS = "DEBUG $(inherited)";
				SWIFT_OPTIMIZATION_LEVEL = "-Onone";
			};
			name = Debug;
		};
		8D9346C92B385A0300B776AD /* Release */ = {
			isa = XCBuildConfiguration;
			buildSettings = {
				ALWAYS_SEARCH_USER_PATHS = NO;
				ASSETCATALOG_COMPILER_GENERATE_SWIFT_ASSET_SYMBOL_EXTENSIONS = YES;
				CLANG_ANALYZER_NONNULL = YES;
				CLANG_ANALYZER_NUMBER_OBJECT_CONVERSION = YES_AGGRESSIVE;
				CLANG_CXX_LANGUAGE_STANDARD = "gnu++20";
				CLANG_ENABLE_MODULES = YES;
				CLANG_ENABLE_OBJC_ARC = YES;
				CLANG_ENABLE_OBJC_WEAK = YES;
				CLANG_WARN_BLOCK_CAPTURE_AUTORELEASING = YES;
				CLANG_WARN_BOOL_CONVERSION = YES;
				CLANG_WARN_COMMA = YES;
				CLANG_WARN_CONSTANT_CONVERSION = YES;
				CLANG_WARN_DEPRECATED_OBJC_IMPLEMENTATIONS = YES;
				CLANG_WARN_DIRECT_OBJC_ISA_USAGE = YES_ERROR;
				CLANG_WARN_DOCUMENTATION_COMMENTS = YES;
				CLANG_WARN_EMPTY_BODY = YES;
				CLANG_WARN_ENUM_CONVERSION = YES;
				CLANG_WARN_INFINITE_RECURSION = YES;
				CLANG_WARN_INT_CONVERSION = YES;
				CLANG_WARN_NON_LITERAL_NULL_CONVERSION = YES;
				CLANG_WARN_OBJC_IMPLICIT_RETAIN_SELF = YES;
				CLANG_WARN_OBJC_LITERAL_CONVERSION = YES;
				CLANG_WARN_OBJC_ROOT_CLASS = YES_ERROR;
				CLANG_WARN_QUOTED_INCLUDE_IN_FRAMEWORK_HEADER = YES;
				CLANG_WARN_RANGE_LOOP_ANALYSIS = YES;
				CLANG_WARN_STRICT_PROTOTYPES = YES;
				CLANG_WARN_SUSPICIOUS_MOVE = YES;
				CLANG_WARN_UNGUARDED_AVAILABILITY = YES_AGGRESSIVE;
				CLANG_WARN_UNREACHABLE_CODE = YES;
				CLANG_WARN__DUPLICATE_METHOD_MATCH = YES;
				COPY_PHASE_STRIP = NO;
				DEBUG_INFORMATION_FORMAT = "dwarf-with-dsym";
				ENABLE_NS_ASSERTIONS = NO;
				ENABLE_STRICT_OBJC_MSGSEND = YES;
				ENABLE_USER_SCRIPT_SANDBOXING = YES;
				GCC_C_LANGUAGE_STANDARD = gnu17;
				GCC_NO_COMMON_BLOCKS = YES;
				GCC_WARN_64_TO_32_BIT_CONVERSION = YES;
				GCC_WARN_ABOUT_RETURN_TYPE = YES_ERROR;
				GCC_WARN_UNDECLARED_SELECTOR = YES;
				GCC_WARN_UNINITIALIZED_AUTOS = YES_AGGRESSIVE;
				GCC_WARN_UNUSED_FUNCTION = YES;
				GCC_WARN_UNUSED_VARIABLE = YES;
				IPHONEOS_DEPLOYMENT_TARGET = 17.2;
				LOCALIZATION_PREFERS_STRING_CATALOGS = YES;
				MTL_ENABLE_DEBUG_INFO = NO;
				MTL_FAST_MATH = YES;
				SDKROOT = iphoneos;
				SWIFT_COMPILATION_MODE = wholemodule;
				VALIDATE_PRODUCT = YES;
			};
			name = Release;
		};
		8D9346CB2B385A0300B776AD /* Debug */ = {
			isa = XCBuildConfiguration;
			buildSettings = {
				ASSETCATALOG_COMPILER_APPICON_NAME = AppIcon;
				ASSETCATALOG_COMPILER_GLOBAL_ACCENT_COLOR_NAME = AccentColor;
				CODE_SIGN_STYLE = Automatic;
				CURRENT_PROJECT_VERSION = 1;
				DEVELOPMENT_TEAM = 9JPJ7C4PAL;
				GENERATE_INFOPLIST_FILE = YES;
				INFOPLIST_FILE = testFlight/Info.plist;
				INFOPLIST_KEY_UIApplicationSupportsIndirectInputEvents = YES;
				INFOPLIST_KEY_UILaunchStoryboardName = LaunchScreen;
				INFOPLIST_KEY_UISupportedInterfaceOrientations_iPad = "UIInterfaceOrientationPortrait UIInterfaceOrientationPortraitUpsideDown UIInterfaceOrientationLandscapeLeft UIInterfaceOrientationLandscapeRight";
				INFOPLIST_KEY_UISupportedInterfaceOrientations_iPhone = "UIInterfaceOrientationPortrait UIInterfaceOrientationLandscapeLeft UIInterfaceOrientationLandscapeRight";
				IPHONEOS_DEPLOYMENT_TARGET = 15.0;
				LD_RUNPATH_SEARCH_PATHS = (
					"$(inherited)",
					"@executable_path/Frameworks",
				);
				MARKETING_VERSION = 1.0;
				PRODUCT_BUNDLE_IDENTIFIER = vlad.org.testFlight;
				PRODUCT_NAME = "$(TARGET_NAME)";
				SUPPORTED_PLATFORMS = "iphoneos iphonesimulator";
				SUPPORTS_MACCATALYST = NO;
				SUPPORTS_MAC_DESIGNED_FOR_IPHONE_IPAD = NO;
				SWIFT_EMIT_LOC_STRINGS = YES;
				SWIFT_VERSION = 5.0;
				TARGETED_DEVICE_FAMILY = 1;
			};
			name = Debug;
		};
		8D9346CC2B385A0300B776AD /* Release */ = {
			isa = XCBuildConfiguration;
			buildSettings = {
				ASSETCATALOG_COMPILER_APPICON_NAME = AppIcon;
				ASSETCATALOG_COMPILER_GLOBAL_ACCENT_COLOR_NAME = AccentColor;
				CODE_SIGN_STYLE = Automatic;
				CURRENT_PROJECT_VERSION = 1;
				DEVELOPMENT_TEAM = 9JPJ7C4PAL;
				GENERATE_INFOPLIST_FILE = YES;
				INFOPLIST_FILE = testFlight/Info.plist;
				INFOPLIST_KEY_UIApplicationSupportsIndirectInputEvents = YES;
				INFOPLIST_KEY_UILaunchStoryboardName = LaunchScreen;
				INFOPLIST_KEY_UISupportedInterfaceOrientations_iPad = "UIInterfaceOrientationPortrait UIInterfaceOrientationPortraitUpsideDown UIInterfaceOrientationLandscapeLeft UIInterfaceOrientationLandscapeRight";
				INFOPLIST_KEY_UISupportedInterfaceOrientations_iPhone = "UIInterfaceOrientationPortrait UIInterfaceOrientationLandscapeLeft UIInterfaceOrientationLandscapeRight";
				IPHONEOS_DEPLOYMENT_TARGET = 15.0;
				LD_RUNPATH_SEARCH_PATHS = (
					"$(inherited)",
					"@executable_path/Frameworks",
				);
				MARKETING_VERSION = 1.0;
				PRODUCT_BUNDLE_IDENTIFIER = vlad.org.testFlight;
				PRODUCT_NAME = "$(TARGET_NAME)";
				SUPPORTED_PLATFORMS = "iphoneos iphonesimulator";
				SUPPORTS_MACCATALYST = NO;
				SUPPORTS_MAC_DESIGNED_FOR_IPHONE_IPAD = NO;
				SWIFT_EMIT_LOC_STRINGS = YES;
				SWIFT_VERSION = 5.0;
				TARGETED_DEVICE_FAMILY = 1;
			};
			name = Release;
		};
		8D9346CE2B385A0300B776AD /* Debug */ = {
			isa = XCBuildConfiguration;
			buildSettings = {
				ALWAYS_EMBED_SWIFT_STANDARD_LIBRARIES = YES;
				BUNDLE_LOADER = "$(TEST_HOST)";
				CODE_SIGN_STYLE = Automatic;
				CURRENT_PROJECT_VERSION = 1;
				DEVELOPMENT_TEAM = 9JPJ7C4PAL;
				GENERATE_INFOPLIST_FILE = YES;
				IPHONEOS_DEPLOYMENT_TARGET = 17.2;
				MARKETING_VERSION = 1.0;
				PRODUCT_BUNDLE_IDENTIFIER = vlad.org.testFlightTests;
				PRODUCT_NAME = "$(TARGET_NAME)";
				SWIFT_EMIT_LOC_STRINGS = NO;
				SWIFT_VERSION = 5.0;
				TARGETED_DEVICE_FAMILY = "1,2";
				TEST_HOST = "$(BUILT_PRODUCTS_DIR)/testFlight.app/$(BUNDLE_EXECUTABLE_FOLDER_PATH)/testFlight";
			};
			name = Debug;
		};
		8D9346CF2B385A0300B776AD /* Release */ = {
			isa = XCBuildConfiguration;
			buildSettings = {
				ALWAYS_EMBED_SWIFT_STANDARD_LIBRARIES = YES;
				BUNDLE_LOADER = "$(TEST_HOST)";
				CODE_SIGN_STYLE = Automatic;
				CURRENT_PROJECT_VERSION = 1;
				DEVELOPMENT_TEAM = 9JPJ7C4PAL;
				GENERATE_INFOPLIST_FILE = YES;
				IPHONEOS_DEPLOYMENT_TARGET = 17.2;
				MARKETING_VERSION = 1.0;
				PRODUCT_BUNDLE_IDENTIFIER = vlad.org.testFlightTests;
				PRODUCT_NAME = "$(TARGET_NAME)";
				SWIFT_EMIT_LOC_STRINGS = NO;
				SWIFT_VERSION = 5.0;
				TARGETED_DEVICE_FAMILY = "1,2";
				TEST_HOST = "$(BUILT_PRODUCTS_DIR)/testFlight.app/$(BUNDLE_EXECUTABLE_FOLDER_PATH)/testFlight";
			};
			name = Release;
		};
		8D9346D12B385A0300B776AD /* Debug */ = {
			isa = XCBuildConfiguration;
			buildSettings = {
				ALWAYS_EMBED_SWIFT_STANDARD_LIBRARIES = YES;
				CODE_SIGN_STYLE = Automatic;
				CURRENT_PROJECT_VERSION = 1;
				DEVELOPMENT_TEAM = 9JPJ7C4PAL;
				GENERATE_INFOPLIST_FILE = YES;
				MARKETING_VERSION = 1.0;
				PRODUCT_BUNDLE_IDENTIFIER = vlad.org.testFlightUITests;
				PRODUCT_NAME = "$(TARGET_NAME)";
				SWIFT_EMIT_LOC_STRINGS = NO;
				SWIFT_VERSION = 5.0;
				TARGETED_DEVICE_FAMILY = "1,2";
				TEST_TARGET_NAME = testFlight;
			};
			name = Debug;
		};
		8D9346D22B385A0300B776AD /* Release */ = {
			isa = XCBuildConfiguration;
			buildSettings = {
				ALWAYS_EMBED_SWIFT_STANDARD_LIBRARIES = YES;
				CODE_SIGN_STYLE = Automatic;
				CURRENT_PROJECT_VERSION = 1;
				DEVELOPMENT_TEAM = 9JPJ7C4PAL;
				GENERATE_INFOPLIST_FILE = YES;
				MARKETING_VERSION = 1.0;
				PRODUCT_BUNDLE_IDENTIFIER = vlad.org.testFlightUITests;
				PRODUCT_NAME = "$(TARGET_NAME)";
				SWIFT_EMIT_LOC_STRINGS = NO;
				SWIFT_VERSION = 5.0;
				TARGETED_DEVICE_FAMILY = "1,2";
				TEST_TARGET_NAME = testFlight;
			};
			name = Release;
		};
/* End XCBuildConfiguration section */

/* Begin XCConfigurationList section */
		8D93469B2B385A0000B776AD /* Build configuration list for PBXProject "testFlight" */ = {
			isa = XCConfigurationList;
			buildConfigurations = (
				8D9346C82B385A0300B776AD /* Debug */,
				8D9346C92B385A0300B776AD /* Release */,
			);
			defaultConfigurationIsVisible = 0;
			defaultConfigurationName = Release;
		};
		8D9346CA2B385A0300B776AD /* Build configuration list for PBXNativeTarget "testFlight" */ = {
			isa = XCConfigurationList;
			buildConfigurations = (
				8D9346CB2B385A0300B776AD /* Debug */,
				8D9346CC2B385A0300B776AD /* Release */,
			);
			defaultConfigurationIsVisible = 0;
			defaultConfigurationName = Release;
		};
		8D9346CD2B385A0300B776AD /* Build configuration list for PBXNativeTarget "testFlightTests" */ = {
			isa = XCConfigurationList;
			buildConfigurations = (
				8D9346CE2B385A0300B776AD /* Debug */,
				8D9346CF2B385A0300B776AD /* Release */,
			);
			defaultConfigurationIsVisible = 0;
			defaultConfigurationName = Release;
		};
		8D9346D02B385A0300B776AD /* Build configuration list for PBXNativeTarget "testFlightUITests" */ = {
			isa = XCConfigurationList;
			buildConfigurations = (
				8D9346D12B385A0300B776AD /* Debug */,
				8D9346D22B385A0300B776AD /* Release */,
			);
			defaultConfigurationIsVisible = 0;
			defaultConfigurationName = Release;
		};
/* End XCConfigurationList section */

/* Begin XCRemoteSwiftPackageReference section */
		8D8F44132B398C8600CD4DFE /* XCRemoteSwiftPackageReference "SnapKit" */ = {
			isa = XCRemoteSwiftPackageReference;
			repositoryURL = "https://github.com/SnapKit/SnapKit.git";
			requirement = {
				kind = exactVersion;
				version = 5.0.0;
			};
		};
/* End XCRemoteSwiftPackageReference section */

/* Begin XCSwiftPackageProductDependency section */
		8D8F44142B398C8600CD4DFE /* SnapKit */ = {
			isa = XCSwiftPackageProductDependency;
			package = 8D8F44132B398C8600CD4DFE /* XCRemoteSwiftPackageReference "SnapKit" */;
			productName = SnapKit;
		};
/* End XCSwiftPackageProductDependency section */
	};
	rootObject = 8D9346982B385A0000B776AD /* Project object */;
}
